
Microsoft Visual Studio Solution File, Format Version 12.00
# Visual Studio 14
VisualStudioVersion = 14.0.25420.1
MinimumVisualStudioVersion = 10.0.40219.1
Project("{2150E333-8FDC-42A3-9474-1A3956D46DE8}") = "Solution Items", "Solution Items", "{0F89EBB3-297D-4192-B281-115858E8C5B7}"
	ProjectSection(SolutionItems) = preProject
		MuscleFellow.Model\global.json = MuscleFellow.Model\global.json
	EndProjectSection
EndProject
Project("{8BB2217D-0F2D-49D1-97BC-3654ED321F3B}") = "MuscleFellow.Data", "MuscleFellow.Data\MuscleFellow.Data.xproj", "{6E4C5B15-496B-4B3D-94C7-A9FD7C25CE4E}"
EndProject
Project("{8BB2217D-0F2D-49D1-97BC-3654ED321F3B}") = "MuscleFellow.Models", "MuscleFellow.Models\MuscleFellow.Models.xproj", "{5346EB32-E01D-411A-9BFE-0CB14318B6A1}"
EndProject
Project("{8BB2217D-0F2D-49D1-97BC-3654ED321F3B}") = "MuscleFellow.Web", "MuscleFellow.Web\MuscleFellow.Web.xproj", "{657D797D-47E9-4F85-96E5-601A539AAF4B}"
EndProject
Project("{8BB2217D-0F2D-49D1-97BC-3654ED321F3B}") = "MuscleFellow.API", "MuscleFellow.API\MuscleFellow.API.xproj", "{E31B8187-1426-4D6B-B4B1-1D3C44F99E7B}"
EndProject
Project("{262852C6-CD72-467D-83FE-5EEB1973A190}") = "MuscleFellowCordova", "MuscleFellowCordova\MuscleFellowCordova.jsproj", "{A0EA3796-527A-486C-A017-B40EDAEBB9A7}"
EndProject
Global
	GlobalSection(SolutionConfigurationPlatforms) = preSolution
		Debug|Android = Debug|Android
		Debug|Any CPU = Debug|Any CPU
		Debug|iOS = Debug|iOS
		Debug|Windows Phone (Universal) = Debug|Windows Phone (Universal)
		Debug|Windows Phone 8 = Debug|Windows Phone 8
		Debug|Windows-AnyCPU = Debug|Windows-AnyCPU
		Debug|Windows-ARM = Debug|Windows-ARM
		Debug|Windows-x64 = Debug|Windows-x64
		Debug|Windows-x86 = Debug|Windows-x86
		Release|Android = Release|Android
		Release|Any CPU = Release|Any CPU
		Release|iOS = Release|iOS
		Release|Windows Phone (Universal) = Release|Windows Phone (Universal)
		Release|Windows Phone 8 = Release|Windows Phone 8
		Release|Windows-AnyCPU = Release|Windows-AnyCPU
		Release|Windows-ARM = Release|Windows-ARM
		Release|Windows-x64 = Release|Windows-x64
		Release|Windows-x86 = Release|Windows-x86
	EndGlobalSection
	GlobalSection(ProjectConfigurationPlatforms) = postSolution
		{6E4C5B15-496B-4B3D-94C7-A9FD7C25CE4E}.Debug|Android.ActiveCfg = Debug|Any CPU
		{6E4C5B15-496B-4B3D-94C7-A9FD7C25CE4E}.Debug|Android.Build.0 = Debug|Any CPU
		{6E4C5B15-496B-4B3D-94C7-A9FD7C25CE4E}.Debug|Any CPU.ActiveCfg = Debug|Any CPU
		{6E4C5B15-496B-4B3D-94C7-A9FD7C25CE4E}.Debug|Any CPU.Build.0 = Debug|Any CPU
		{6E4C5B15-496B-4B3D-94C7-A9FD7C25CE4E}.Debug|iOS.ActiveCfg = Debug|Any CPU
		{6E4C5B15-496B-4B3D-94C7-A9FD7C25CE4E}.Debug|iOS.Build.0 = Debug|Any CPU
		{6E4C5B15-496B-4B3D-94C7-A9FD7C25CE4E}.Debug|Windows Phone (Universal).ActiveCfg = Debug|Any CPU
		{6E4C5B15-496B-4B3D-94C7-A9FD7C25CE4E}.Debug|Windows Phone (Universal).Build.0 = Debug|Any CPU
		{6E4C5B15-496B-4B3D-94C7-A9FD7C25CE4E}.Debug|Windows Phone 8.ActiveCfg = Debug|Any CPU
		{6E4C5B15-496B-4B3D-94C7-A9FD7C25CE4E}.Debug|Windows Phone 8.Build.0 = Debug|Any CPU
		{6E4C5B15-496B-4B3D-94C7-A9FD7C25CE4E}.Debug|Windows-AnyCPU.ActiveCfg = Debug|Any CPU
		{6E4C5B15-496B-4B3D-94C7-A9FD7C25CE4E}.Debug|Windows-AnyCPU.Build.0 = Debug|Any CPU
		{6E4C5B15-496B-4B3D-94C7-A9FD7C25CE4E}.Debug|Windows-ARM.ActiveCfg = Debug|Any CPU
		{6E4C5B15-496B-4B3D-94C7-A9FD7C25CE4E}.Debug|Windows-ARM.Build.0 = Debug|Any CPU
		{6E4C5B15-496B-4B3D-94C7-A9FD7C25CE4E}.Debug|Windows-x64.ActiveCfg = Debug|Any CPU
		{6E4C5B15-496B-4B3D-94C7-A9FD7C25CE4E}.Debug|Windows-x64.Build.0 = Debug|Any CPU
		{6E4C5B15-496B-4B3D-94C7-A9FD7C25CE4E}.Debug|Windows-x86.ActiveCfg = Debug|Any CPU
		{6E4C5B15-496B-4B3D-94C7-A9FD7C25CE4E}.Debug|Windows-x86.Build.0 = Debug|Any CPU
		{6E4C5B15-496B-4B3D-94C7-A9FD7C25CE4E}.Release|Android.ActiveCfg = Release|Any CPU
		{6E4C5B15-496B-4B3D-94C7-A9FD7C25CE4E}.Release|Android.Build.0 = Release|Any CPU
		{6E4C5B15-496B-4B3D-94C7-A9FD7C25CE4E}.Release|Any CPU.ActiveCfg = Release|Any CPU
		{6E4C5B15-496B-4B3D-94C7-A9FD7C25CE4E}.Release|Any CPU.Build.0 = Release|Any CPU
		{6E4C5B15-496B-4B3D-94C7-A9FD7C25CE4E}.Release|iOS.ActiveCfg = Release|Any CPU
		{6E4C5B15-496B-4B3D-94C7-A9FD7C25CE4E}.Release|iOS.Build.0 = Release|Any CPU
		{6E4C5B15-496B-4B3D-94C7-A9FD7C25CE4E}.Release|Windows Phone (Universal).ActiveCfg = Release|Any CPU
		{6E4C5B15-496B-4B3D-94C7-A9FD7C25CE4E}.Release|Windows Phone (Universal).Build.0 = Release|Any CPU
		{6E4C5B15-496B-4B3D-94C7-A9FD7C25CE4E}.Release|Windows Phone 8.ActiveCfg = Release|Any CPU
		{6E4C5B15-496B-4B3D-94C7-A9FD7C25CE4E}.Release|Windows Phone 8.Build.0 = Release|Any CPU
		{6E4C5B15-496B-4B3D-94C7-A9FD7C25CE4E}.Release|Windows-AnyCPU.ActiveCfg = Release|Any CPU
		{6E4C5B15-496B-4B3D-94C7-A9FD7C25CE4E}.Release|Windows-AnyCPU.Build.0 = Release|Any CPU
		{6E4C5B15-496B-4B3D-94C7-A9FD7C25CE4E}.Release|Windows-ARM.ActiveCfg = Release|Any CPU
		{6E4C5B15-496B-4B3D-94C7-A9FD7C25CE4E}.Release|Windows-ARM.Build.0 = Release|Any CPU
		{6E4C5B15-496B-4B3D-94C7-A9FD7C25CE4E}.Release|Windows-x64.ActiveCfg = Release|Any CPU
		{6E4C5B15-496B-4B3D-94C7-A9FD7C25CE4E}.Release|Windows-x64.Build.0 = Release|Any CPU
		{6E4C5B15-496B-4B3D-94C7-A9FD7C25CE4E}.Release|Windows-x86.ActiveCfg = Release|Any CPU
		{6E4C5B15-496B-4B3D-94C7-A9FD7C25CE4E}.Release|Windows-x86.Build.0 = Release|Any CPU
		{5346EB32-E01D-411A-9BFE-0CB14318B6A1}.Debug|Android.ActiveCfg = Debug|Any CPU
		{5346EB32-E01D-411A-9BFE-0CB14318B6A1}.Debug|Android.Build.0 = Debug|Any CPU
		{5346EB32-E01D-411A-9BFE-0CB14318B6A1}.Debug|Any CPU.ActiveCfg = Debug|Any CPU
		{5346EB32-E01D-411A-9BFE-0CB14318B6A1}.Debug|Any CPU.Build.0 = Debug|Any CPU
		{5346EB32-E01D-411A-9BFE-0CB14318B6A1}.Debug|iOS.ActiveCfg = Debug|Any CPU
		{5346EB32-E01D-411A-9BFE-0CB14318B6A1}.Debug|iOS.Build.0 = Debug|Any CPU
		{5346EB32-E01D-411A-9BFE-0CB14318B6A1}.Debug|Windows Phone (Universal).ActiveCfg = Debug|Any CPU
		{5346EB32-E01D-411A-9BFE-0CB14318B6A1}.Debug|Windows Phone (Universal).Build.0 = Debug|Any CPU
		{5346EB32-E01D-411A-9BFE-0CB14318B6A1}.Debug|Windows Phone 8.ActiveCfg = Debug|Any CPU
		{5346EB32-E01D-411A-9BFE-0CB14318B6A1}.Debug|Windows Phone 8.Build.0 = Debug|Any CPU
		{5346EB32-E01D-411A-9BFE-0CB14318B6A1}.Debug|Windows-AnyCPU.ActiveCfg = Debug|Any CPU
		{5346EB32-E01D-411A-9BFE-0CB14318B6A1}.Debug|Windows-AnyCPU.Build.0 = Debug|Any CPU
		{5346EB32-E01D-411A-9BFE-0CB14318B6A1}.Debug|Windows-ARM.ActiveCfg = Debug|Any CPU
		{5346EB32-E01D-411A-9BFE-0CB14318B6A1}.Debug|Windows-ARM.Build.0 = Debug|Any CPU
		{5346EB32-E01D-411A-9BFE-0CB14318B6A1}.Debug|Windows-x64.ActiveCfg = Debug|Any CPU
		{5346EB32-E01D-411A-9BFE-0CB14318B6A1}.Debug|Windows-x64.Build.0 = Debug|Any CPU
		{5346EB32-E01D-411A-9BFE-0CB14318B6A1}.Debug|Windows-x86.ActiveCfg = Debug|Any CPU
		{5346EB32-E01D-411A-9BFE-0CB14318B6A1}.Debug|Windows-x86.Build.0 = Debug|Any CPU
		{5346EB32-E01D-411A-9BFE-0CB14318B6A1}.Release|Android.ActiveCfg = Release|Any CPU
		{5346EB32-E01D-411A-9BFE-0CB14318B6A1}.Release|Android.Build.0 = Release|Any CPU
		{5346EB32-E01D-411A-9BFE-0CB14318B6A1}.Release|Any CPU.ActiveCfg = Release|Any CPU
		{5346EB32-E01D-411A-9BFE-0CB14318B6A1}.Release|Any CPU.Build.0 = Release|Any CPU
		{5346EB32-E01D-411A-9BFE-0CB14318B6A1}.Release|iOS.ActiveCfg = Release|Any CPU
		{5346EB32-E01D-411A-9BFE-0CB14318B6A1}.Release|iOS.Build.0 = Release|Any CPU
		{5346EB32-E01D-411A-9BFE-0CB14318B6A1}.Release|Windows Phone (Universal).ActiveCfg = Release|Any CPU
		{5346EB32-E01D-411A-9BFE-0CB14318B6A1}.Release|Windows Phone (Universal).Build.0 = Release|Any CPU
		{5346EB32-E01D-411A-9BFE-0CB14318B6A1}.Release|Windows Phone 8.ActiveCfg = Release|Any CPU
		{5346EB32-E01D-411A-9BFE-0CB14318B6A1}.Release|Windows Phone 8.Build.0 = Release|Any CPU
		{5346EB32-E01D-411A-9BFE-0CB14318B6A1}.Release|Windows-AnyCPU.ActiveCfg = Release|Any CPU
		{5346EB32-E01D-411A-9BFE-0CB14318B6A1}.Release|Windows-AnyCPU.Build.0 = Release|Any CPU
		{5346EB32-E01D-411A-9BFE-0CB14318B6A1}.Release|Windows-ARM.ActiveCfg = Release|Any CPU
		{5346EB32-E01D-411A-9BFE-0CB14318B6A1}.Release|Windows-ARM.Build.0 = Release|Any CPU
		{5346EB32-E01D-411A-9BFE-0CB14318B6A1}.Release|Windows-x64.ActiveCfg = Release|Any CPU
		{5346EB32-E01D-411A-9BFE-0CB14318B6A1}.Release|Windows-x64.Build.0 = Release|Any CPU
		{5346EB32-E01D-411A-9BFE-0CB14318B6A1}.Release|Windows-x86.ActiveCfg = Release|Any CPU
		{5346EB32-E01D-411A-9BFE-0CB14318B6A1}.Release|Windows-x86.Build.0 = Release|Any CPU
		{657D797D-47E9-4F85-96E5-601A539AAF4B}.Debug|Android.ActiveCfg = Debug|Any CPU
		{657D797D-47E9-4F85-96E5-601A539AAF4B}.Debug|Android.Build.0 = Debug|Any CPU
		{657D797D-47E9-4F85-96E5-601A539AAF4B}.Debug|Any CPU.ActiveCfg = Debug|Any CPU
		{657D797D-47E9-4F85-96E5-601A539AAF4B}.Debug|Any CPU.Build.0 = Debug|Any CPU
		{657D797D-47E9-4F85-96E5-601A539AAF4B}.Debug|iOS.ActiveCfg = Debug|Any CPU
		{657D797D-47E9-4F85-96E5-601A539AAF4B}.Debug|iOS.Build.0 = Debug|Any CPU
		{657D797D-47E9-4F85-96E5-601A539AAF4B}.Debug|Windows Phone (Universal).ActiveCfg = Debug|Any CPU
		{657D797D-47E9-4F85-96E5-601A539AAF4B}.Debug|Windows Phone (Universal).Build.0 = Debug|Any CPU
		{657D797D-47E9-4F85-96E5-601A539AAF4B}.Debug|Windows Phone 8.ActiveCfg = Debug|Any CPU
		{657D797D-47E9-4F85-96E5-601A539AAF4B}.Debug|Windows Phone 8.Build.0 = Debug|Any CPU
		{657D797D-47E9-4F85-96E5-601A539AAF4B}.Debug|Windows-AnyCPU.ActiveCfg = Debug|Any CPU
		{657D797D-47E9-4F85-96E5-601A539AAF4B}.Debug|Windows-AnyCPU.Build.0 = Debug|Any CPU
		{657D797D-47E9-4F85-96E5-601A539AAF4B}.Debug|Windows-ARM.ActiveCfg = Debug|Any CPU
		{657D797D-47E9-4F85-96E5-601A539AAF4B}.Debug|Windows-ARM.Build.0 = Debug|Any CPU
		{657D797D-47E9-4F85-96E5-601A539AAF4B}.Debug|Windows-x64.ActiveCfg = Debug|Any CPU
		{657D797D-47E9-4F85-96E5-601A539AAF4B}.Debug|Windows-x64.Build.0 = Debug|Any CPU
		{657D797D-47E9-4F85-96E5-601A539AAF4B}.Debug|Windows-x86.ActiveCfg = Debug|Any CPU
		{657D797D-47E9-4F85-96E5-601A539AAF4B}.Debug|Windows-x86.Build.0 = Debug|Any CPU
		{657D797D-47E9-4F85-96E5-601A539AAF4B}.Release|Android.ActiveCfg = Release|Any CPU
		{657D797D-47E9-4F85-96E5-601A539AAF4B}.Release|Android.Build.0 = Release|Any CPU
		{657D797D-47E9-4F85-96E5-601A539AAF4B}.Release|Any CPU.ActiveCfg = Release|Any CPU
		{657D797D-47E9-4F85-96E5-601A539AAF4B}.Release|Any CPU.Build.0 = Release|Any CPU
		{657D797D-47E9-4F85-96E5-601A539AAF4B}.Release|iOS.ActiveCfg = Release|Any CPU
		{657D797D-47E9-4F85-96E5-601A539AAF4B}.Release|iOS.Build.0 = Release|Any CPU
		{657D797D-47E9-4F85-96E5-601A539AAF4B}.Release|Windows Phone (Universal).ActiveCfg = Release|Any CPU
		{657D797D-47E9-4F85-96E5-601A539AAF4B}.Release|Windows Phone (Universal).Build.0 = Release|Any CPU
		{657D797D-47E9-4F85-96E5-601A539AAF4B}.Release|Windows Phone 8.ActiveCfg = Release|Any CPU
		{657D797D-47E9-4F85-96E5-601A539AAF4B}.Release|Windows Phone 8.Build.0 = Release|Any CPU
		{657D797D-47E9-4F85-96E5-601A539AAF4B}.Release|Windows-AnyCPU.ActiveCfg = Release|Any CPU
		{657D797D-47E9-4F85-96E5-601A539AAF4B}.Release|Windows-AnyCPU.Build.0 = Release|Any CPU
		{657D797D-47E9-4F85-96E5-601A539AAF4B}.Release|Windows-ARM.ActiveCfg = Release|Any CPU
		{657D797D-47E9-4F85-96E5-601A539AAF4B}.Release|Windows-ARM.Build.0 = Release|Any CPU
		{657D797D-47E9-4F85-96E5-601A539AAF4B}.Release|Windows-x64.ActiveCfg = Release|Any CPU
		{657D797D-47E9-4F85-96E5-601A539AAF4B}.Release|Windows-x64.Build.0 = Release|Any CPU
		{657D797D-47E9-4F85-96E5-601A539AAF4B}.Release|Windows-x86.ActiveCfg = Release|Any CPU
		{657D797D-47E9-4F85-96E5-601A539AAF4B}.Release|Windows-x86.Build.0 = Release|Any CPU
		{E31B8187-1426-4D6B-B4B1-1D3C44F99E7B}.Debug|Android.ActiveCfg = Debug|Any CPU
		{E31B8187-1426-4D6B-B4B1-1D3C44F99E7B}.Debug|Android.Build.0 = Debug|Any CPU
		{E31B8187-1426-4D6B-B4B1-1D3C44F99E7B}.Debug|Any CPU.ActiveCfg = Debug|Any CPU
		{E31B8187-1426-4D6B-B4B1-1D3C44F99E7B}.Debug|Any CPU.Build.0 = Debug|Any CPU
		{E31B8187-1426-4D6B-B4B1-1D3C44F99E7B}.Debug|iOS.ActiveCfg = Debug|Any CPU
		{E31B8187-1426-4D6B-B4B1-1D3C44F99E7B}.Debug|iOS.Build.0 = Debug|Any CPU
		{E31B8187-1426-4D6B-B4B1-1D3C44F99E7B}.Debug|Windows Phone (Universal).ActiveCfg = Debug|Any CPU
		{E31B8187-1426-4D6B-B4B1-1D3C44F99E7B}.Debug|Windows Phone (Universal).Build.0 = Debug|Any CPU
		{E31B8187-1426-4D6B-B4B1-1D3C44F99E7B}.Debug|Windows Phone 8.ActiveCfg = Debug|Any CPU
		{E31B8187-1426-4D6B-B4B1-1D3C44F99E7B}.Debug|Windows Phone 8.Build.0 = Debug|Any CPU
		{E31B8187-1426-4D6B-B4B1-1D3C44F99E7B}.Debug|Windows-AnyCPU.ActiveCfg = Debug|Any CPU
		{E31B8187-1426-4D6B-B4B1-1D3C44F99E7B}.Debug|Windows-AnyCPU.Build.0 = Debug|Any CPU
		{E31B8187-1426-4D6B-B4B1-1D3C44F99E7B}.Debug|Windows-ARM.ActiveCfg = Debug|Any CPU
		{E31B8187-1426-4D6B-B4B1-1D3C44F99E7B}.Debug|Windows-ARM.Build.0 = Debug|Any CPU
		{E31B8187-1426-4D6B-B4B1-1D3C44F99E7B}.Debug|Windows-x64.ActiveCfg = Debug|Any CPU
		{E31B8187-1426-4D6B-B4B1-1D3C44F99E7B}.Debug|Windows-x64.Build.0 = Debug|Any CPU
		{E31B8187-1426-4D6B-B4B1-1D3C44F99E7B}.Debug|Windows-x86.ActiveCfg = Debug|Any CPU
		{E31B8187-1426-4D6B-B4B1-1D3C44F99E7B}.Debug|Windows-x86.Build.0 = Debug|Any CPU
		{E31B8187-1426-4D6B-B4B1-1D3C44F99E7B}.Release|Android.ActiveCfg = Release|Any CPU
		{E31B8187-1426-4D6B-B4B1-1D3C44F99E7B}.Release|Android.Build.0 = Release|Any CPU
		{E31B8187-1426-4D6B-B4B1-1D3C44F99E7B}.Release|Any CPU.ActiveCfg = Release|Any CPU
		{E31B8187-1426-4D6B-B4B1-1D3C44F99E7B}.Release|Any CPU.Build.0 = Release|Any CPU
		{E31B8187-1426-4D6B-B4B1-1D3C44F99E7B}.Release|iOS.ActiveCfg = Release|Any CPU
		{E31B8187-1426-4D6B-B4B1-1D3C44F99E7B}.Release|iOS.Build.0 = Release|Any CPU
		{E31B8187-1426-4D6B-B4B1-1D3C44F99E7B}.Release|Windows Phone (Universal).ActiveCfg = Release|Any CPU
		{E31B8187-1426-4D6B-B4B1-1D3C44F99E7B}.Release|Windows Phone (Universal).Build.0 = Release|Any CPU
		{E31B8187-1426-4D6B-B4B1-1D3C44F99E7B}.Release|Windows Phone 8.ActiveCfg = Release|Any CPU
		{E31B8187-1426-4D6B-B4B1-1D3C44F99E7B}.Release|Windows Phone 8.Build.0 = Release|Any CPU
		{E31B8187-1426-4D6B-B4B1-1D3C44F99E7B}.Release|Windows-AnyCPU.ActiveCfg = Release|Any CPU
		{E31B8187-1426-4D6B-B4B1-1D3C44F99E7B}.Release|Windows-AnyCPU.Build.0 = Release|Any CPU
		{E31B8187-1426-4D6B-B4B1-1D3C44F99E7B}.Release|Windows-ARM.ActiveCfg = Release|Any CPU
		{E31B8187-1426-4D6B-B4B1-1D3C44F99E7B}.Release|Windows-ARM.Build.0 = Release|Any CPU
		{E31B8187-1426-4D6B-B4B1-1D3C44F99E7B}.Release|Windows-x64.ActiveCfg = Release|Any CPU
		{E31B8187-1426-4D6B-B4B1-1D3C44F99E7B}.Release|Windows-x64.Build.0 = Release|Any CPU
		{E31B8187-1426-4D6B-B4B1-1D3C44F99E7B}.Release|Windows-x86.ActiveCfg = Release|Any CPU
		{E31B8187-1426-4D6B-B4B1-1D3C44F99E7B}.Release|Windows-x86.Build.0 = Release|Any CPU
		{A0EA3796-527A-486C-A017-B40EDAEBB9A7}.Debug|Android.ActiveCfg = Debug|Android
		{A0EA3796-527A-486C-A017-B40EDAEBB9A7}.Debug|Android.Build.0 = Debug|Android
		{A0EA3796-527A-486C-A017-B40EDAEBB9A7}.Debug|Android.Deploy.0 = Debug|Android
		{A0EA3796-527A-486C-A017-B40EDAEBB9A7}.Debug|Any CPU.ActiveCfg = Debug|Android
		{A0EA3796-527A-486C-A017-B40EDAEBB9A7}.Debug|iOS.ActiveCfg = Debug|iOS
		{A0EA3796-527A-486C-A017-B40EDAEBB9A7}.Debug|iOS.Build.0 = Debug|iOS
		{A0EA3796-527A-486C-A017-B40EDAEBB9A7}.Debug|iOS.Deploy.0 = Debug|iOS
		{A0EA3796-527A-486C-A017-B40EDAEBB9A7}.Debug|Windows Phone (Universal).ActiveCfg = Debug|Windows Phone (Universal)
		{A0EA3796-527A-486C-A017-B40EDAEBB9A7}.Debug|Windows Phone (Universal).Build.0 = Debug|Windows Phone (Universal)
		{A0EA3796-527A-486C-A017-B40EDAEBB9A7}.Debug|Windows Phone (Universal).Deploy.0 = Debug|Windows Phone (Universal)
		{A0EA3796-527A-486C-A017-B40EDAEBB9A7}.Debug|Windows Phone 8.ActiveCfg = Debug|Windows Phone 8
		{A0EA3796-527A-486C-A017-B40EDAEBB9A7}.Debug|Windows Phone 8.Build.0 = Debug|Windows Phone 8
		{A0EA3796-527A-486C-A017-B40EDAEBB9A7}.Debug|Windows Phone 8.Deploy.0 = Debug|Windows Phone 8
		{A0EA3796-527A-486C-A017-B40EDAEBB9A7}.Debug|Windows-AnyCPU.ActiveCfg = Debug|Windows-AnyCPU
		{A0EA3796-527A-486C-A017-B40EDAEBB9A7}.Debug|Windows-AnyCPU.Build.0 = Debug|Windows-AnyCPU
		{A0EA3796-527A-486C-A017-B40EDAEBB9A7}.Debug|Windows-AnyCPU.Deploy.0 = Debug|Windows-AnyCPU
		{A0EA3796-527A-486C-A017-B40EDAEBB9A7}.Debug|Windows-ARM.ActiveCfg = Debug|Windows-ARM
		{A0EA3796-527A-486C-A017-B40EDAEBB9A7}.Debug|Windows-ARM.Build.0 = Debug|Windows-ARM
		{A0EA3796-527A-486C-A017-B40EDAEBB9A7}.Debug|Windows-ARM.Deploy.0 = Debug|Windows-ARM
		{A0EA3796-527A-486C-A017-B40EDAEBB9A7}.Debug|Windows-x64.ActiveCfg = Debug|Windows-x64
		{A0EA3796-527A-486C-A017-B40EDAEBB9A7}.Debug|Windows-x64.Build.0 = Debug|Windows-x64
		{A0EA3796-527A-486C-A017-B40EDAEBB9A7}.Debug|Windows-x64.Deploy.0 = Debug|Windows-x64
		{A0EA3796-527A-486C-A017-B40EDAEBB9A7}.Debug|Windows-x86.ActiveCfg = Debug|Windows-x86
		{A0EA3796-527A-486C-A017-B40EDAEBB9A7}.Debug|Windows-x86.Build.0 = Debug|Windows-x86
		{A0EA3796-527A-486C-A017-B40EDAEBB9A7}.Debug|Windows-x86.Deploy.0 = Debug|Windows-x86
		{A0EA3796-527A-486C-A017-B40EDAEBB9A7}.Release|Android.ActiveCfg = Release|Android
		{A0EA3796-527A-486C-A017-B40EDAEBB9A7}.Release|Android.Build.0 = Release|Android
		{A0EA3796-527A-486C-A017-B40EDAEBB9A7}.Release|Android.Deploy.0 = Release|Android
		{A0EA3796-527A-486C-A017-B40EDAEBB9A7}.Release|Any CPU.ActiveCfg = Release|Android
		{A0EA3796-527A-486C-A017-B40EDAEBB9A7}.Release|iOS.ActiveCfg = Release|iOS
		{A0EA3796-527A-486C-A017-B40EDAEBB9A7}.Release|iOS.Build.0 = Release|iOS
		{A0EA3796-527A-486C-A017-B40EDAEBB9A7}.Release|iOS.Deploy.0 = Release|iOS
		{A0EA3796-527A-486C-A017-B40EDAEBB9A7}.Release|Windows Phone (Universal).ActiveCfg = Release|Windows Phone (Universal)
		{A0EA3796-527A-486C-A017-B40EDAEBB9A7}.Release|Windows Phone (Universal).Build.0 = Release|Windows Phone (Universal)
		{A0EA3796-527A-486C-A017-B40EDAEBB9A7}.Release|Windows Phone (Universal).Deploy.0 = Release|Windows Phone (Universal)
		{A0EA3796-527A-486C-A017-B40EDAEBB9A7}.Release|Windows Phone 8.ActiveCfg = Release|Windows Phone 8
		{A0EA3796-527A-486C-A017-B40EDAEBB9A7}.Release|Windows Phone 8.Build.0 = Release|Windows Phone 8
		{A0EA3796-527A-486C-A017-B40EDAEBB9A7}.Release|Windows Phone 8.Deploy.0 = Release|Windows Phone 8
		{A0EA3796-527A-486C-A017-B40EDAEBB9A7}.Release|Windows-AnyCPU.ActiveCfg = Release|Windows-AnyCPU
		{A0EA3796-527A-486C-A017-B40EDAEBB9A7}.Release|Windows-AnyCPU.Build.0 = Release|Windows-AnyCPU
		{A0EA3796-527A-486C-A017-B40EDAEBB9A7}.Release|Windows-AnyCPU.Deploy.0 = Release|Windows-AnyCPU
		{A0EA3796-527A-486C-A017-B40EDAEBB9A7}.Release|Windows-ARM.ActiveCfg = Release|Windows-ARM
		{A0EA3796-527A-486C-A017-B40EDAEBB9A7}.Release|Windows-ARM.Build.0 = Release|Windows-ARM
		{A0EA3796-527A-486C-A017-B40EDAEBB9A7}.Release|Windows-ARM.Deploy.0 = Release|Windows-ARM
		{A0EA3796-527A-486C-A017-B40EDAEBB9A7}.Release|Windows-x64.ActiveCfg = Release|Windows-x64
		{A0EA3796-527A-486C-A017-B40EDAEBB9A7}.Release|Windows-x64.Build.0 = Release|Windows-x64
		{A0EA3796-527A-486C-A017-B40EDAEBB9A7}.Release|Windows-x64.Deploy.0 = Release|Windows-x64
		{A0EA3796-527A-486C-A017-B40EDAEBB9A7}.Release|Windows-x86.ActiveCfg = Release|Windows-x86
		{A0EA3796-527A-486C-A017-B40EDAEBB9A7}.Release|Windows-x86.Build.0 = Release|Windows-x86
		{A0EA3796-527A-486C-A017-B40EDAEBB9A7}.Release|Windows-x86.Deploy.0 = Release|Windows-x86
	EndGlobalSection
	GlobalSection(SolutionProperties) = preSolution
		HideSolutionNode = FALSE
	EndGlobalSection
	GlobalSection(TeamFoundationVersionControl) = preSolution
		SccNumberOfProjects = 6
		SccEnterpriseProvider = {4CA58AB2-18FA-4F8D-95D4-32DDF27D184C}
		SccTeamFoundationServer = https://miclee2000.visualstudio.com/
		SccLocalPath0 = .
		SccProjectUniqueName1 = MuscleFellow.Data\\MuscleFellow.Data.xproj
		SccProjectName1 = MuscleFellow.Data
		SccLocalPath1 = MuscleFellow.Data
		SccProjectUniqueName2 = MuscleFellow.Models\\MuscleFellow.Models.xproj
		SccProjectName2 = MuscleFellow.Models
		SccLocalPath2 = MuscleFellow.Models
		SccProjectUniqueName3 = MuscleFellow.Web\\MuscleFellow.Web.xproj
		SccProjectName3 = MuscleFellow.Web
		SccLocalPath3 = MuscleFellow.Web
		SccProjectUniqueName4 = MuscleFellow.API\\MuscleFellow.API.xproj
		SccProjectName4 = MuscleFellow.API
		SccLocalPath4 = MuscleFellow.API
		SccProjectUniqueName5 = MuscleFellowCordova\\MuscleFellowCordova.jsproj
		SccProjectName5 = MuscleFellowCordova
		SccLocalPath5 = MuscleFellowCordova
	EndGlobalSection
EndGlobal
